
Microsoft Visual Studio Solution File, Format Version 12.00
Project("{FAE04EC0-301F-11D3-BF4B-00C04F79EFBC}") = "ReventureModdingHelper", "ReventureModdingHelper\ReventureModdingHelper.csproj", "{B1580F68-C92F-42B3-B9E7-2758619427A0}"
EndProject
Global
	GlobalSection(SolutionConfigurationPlatforms) = preSolution
		Debug|Any CPU = Debug|Any CPU
		Release|Any CPU = Release|Any CPU
	EndGlobalSection
	GlobalSection(ProjectConfigurationPlatforms) = postSolution
		{B1580F68-C92F-42B3-B9E7-2758619427A0}.Debug|Any CPU.ActiveCfg = Debug|Any CPU
		{B1580F68-C92F-42B3-B9E7-2758619427A0}.Debug|Any CPU.Build.0 = Debug|Any CPU
		{B1580F68-C92F-42B3-B9E7-2758619427A0}.Release|Any CPU.ActiveCfg = Release|Any CPU
		{B1580F68-C92F-42B3-B9E7-2758619427A0}.Release|Any CPU.Build.0 = Release|Any CPU
	EndGlobalSection
EndGlobal
